
Microsoft Visual Studio Solution File, Format Version 12.00
# Visual Studio 2017
Project("{FAE04EC0-301F-11D3-BF4B-00C04F79EFBC}") = "JV FPS", "JV FPS.csproj", "{50CD18B3-9881-1363-41F9-4A33F3B46FC6}"
EndProject
Project("{FAE04EC0-301F-11D3-BF4B-00C04F79EFBC}") = "JV FPS.Plugins", "JV FPS.Plugins.csproj", "{E043BD96-849F-52D9-AE04-AAAA21B2D9A3}"
EndProject
Project("{FAE04EC0-301F-11D3-BF4B-00C04F79EFBC}") = "Unity.PackageManagerUI.Editor", "Unity.PackageManagerUI.Editor.csproj", "{6877705C-FBD9-0C4F-5AFB-6FB431E5D39D}"
EndProject
Project("{FAE04EC0-301F-11D3-BF4B-00C04F79EFBC}") = "UnityEditor.StandardEvents", "UnityEditor.StandardEvents.csproj", "{6800202F-4402-D405-F8CB-03DC7BD78B92}"
EndProject
Project("{FAE04EC0-301F-11D3-BF4B-00C04F79EFBC}") = "JV FPS.Editor", "JV FPS.Editor.csproj", "{8216BAA2-2BB4-B7C2-0B05-100A685B170C}"
EndProject
Global
	GlobalSection(SolutionConfigurationPlatforms) = preSolution
		Debug|Any CPU = Debug|Any CPU
		Release|Any CPU = Release|Any CPU
	EndGlobalSection
	GlobalSection(ProjectConfigurationPlatforms) = postSolution
		{50CD18B3-9881-1363-41F9-4A33F3B46FC6}.Debug|Any CPU.ActiveCfg = Debug|Any CPU
		{50CD18B3-9881-1363-41F9-4A33F3B46FC6}.Debug|Any CPU.Build.0 = Debug|Any CPU
		{50CD18B3-9881-1363-41F9-4A33F3B46FC6}.Release|Any CPU.ActiveCfg = Release|Any CPU
		{50CD18B3-9881-1363-41F9-4A33F3B46FC6}.Release|Any CPU.Build.0 = Release|Any CPU
		{E043BD96-849F-52D9-AE04-AAAA21B2D9A3}.Debug|Any CPU.ActiveCfg = Debug|Any CPU
		{E043BD96-849F-52D9-AE04-AAAA21B2D9A3}.Debug|Any CPU.Build.0 = Debug|Any CPU
		{E043BD96-849F-52D9-AE04-AAAA21B2D9A3}.Release|Any CPU.ActiveCfg = Release|Any CPU
		{E043BD96-849F-52D9-AE04-AAAA21B2D9A3}.Release|Any CPU.Build.0 = Release|Any CPU
		{6877705C-FBD9-0C4F-5AFB-6FB431E5D39D}.Debug|Any CPU.ActiveCfg = Debug|Any CPU
		{6877705C-FBD9-0C4F-5AFB-6FB431E5D39D}.Debug|Any CPU.Build.0 = Debug|Any CPU
		{6877705C-FBD9-0C4F-5AFB-6FB431E5D39D}.Release|Any CPU.ActiveCfg = Release|Any CPU
		{6877705C-FBD9-0C4F-5AFB-6FB431E5D39D}.Release|Any CPU.Build.0 = Release|Any CPU
		{6800202F-4402-D405-F8CB-03DC7BD78B92}.Debug|Any CPU.ActiveCfg = Debug|Any CPU
		{6800202F-4402-D405-F8CB-03DC7BD78B92}.Debug|Any CPU.Build.0 = Debug|Any CPU
		{6800202F-4402-D405-F8CB-03DC7BD78B92}.Release|Any CPU.ActiveCfg = Release|Any CPU
		{6800202F-4402-D405-F8CB-03DC7BD78B92}.Release|Any CPU.Build.0 = Release|Any CPU
		{8216BAA2-2BB4-B7C2-0B05-100A685B170C}.Debug|Any CPU.ActiveCfg = Debug|Any CPU
		{8216BAA2-2BB4-B7C2-0B05-100A685B170C}.Debug|Any CPU.Build.0 = Debug|Any CPU
		{8216BAA2-2BB4-B7C2-0B05-100A685B170C}.Release|Any CPU.ActiveCfg = Release|Any CPU
		{8216BAA2-2BB4-B7C2-0B05-100A685B170C}.Release|Any CPU.Build.0 = Release|Any CPU
	EndGlobalSection
	GlobalSection(SolutionProperties) = preSolution
		HideSolutionNode = FALSE
	EndGlobalSection
EndGlobal
